// !$*UTF8*$!
{
	archiveVersion = 1;
	classes = {
	};
	objectVersion = 50;
	objects = {

/* Begin PBXBuildFile section */
		66EBAAA2B3036685B26688CD /* Pods_FlickrFoundationTests.framework in Frameworks */ = {isa = PBXBuildFile; fileRef = 30C73FA2563F7AFDD9079E6D /* Pods_FlickrFoundationTests.framework */; };
		AC7677E822292957001D2093 /* APIPhotosSearch.swift in Sources */ = {isa = PBXBuildFile; fileRef = AC7677E722292957001D2093 /* APIPhotosSearch.swift */; };
		AC7677EA22293122001D2093 /* APIPhotosSearchTests.swift in Sources */ = {isa = PBXBuildFile; fileRef = AC7677E922293122001D2093 /* APIPhotosSearchTests.swift */; };
		AC7677EC22293978001D2093 /* String+Extensions.swift in Sources */ = {isa = PBXBuildFile; fileRef = AC7677EB22293978001D2093 /* String+Extensions.swift */; };
		AC7677EF22293D1F001D2093 /* FlickrPhoto.swift in Sources */ = {isa = PBXBuildFile; fileRef = AC7677EE22293D1F001D2093 /* FlickrPhoto.swift */; };
		AC7677F6222942FA001D2093 /* ServiceResult.swift in Sources */ = {isa = PBXBuildFile; fileRef = AC7677F5222942FA001D2093 /* ServiceResult.swift */; };
		AC7677F822294396001D2093 /* ServiceError.swift in Sources */ = {isa = PBXBuildFile; fileRef = AC7677F722294396001D2093 /* ServiceError.swift */; };
		AC7677FA22294565001D2093 /* PhotosSearchResponse.swift in Sources */ = {isa = PBXBuildFile; fileRef = AC7677F922294565001D2093 /* PhotosSearchResponse.swift */; };
		ACB2CA4022262BB7009EBF05 /* FlickrFoundation.framework in Frameworks */ = {isa = PBXBuildFile; fileRef = ACB2CA3622262BB7009EBF05 /* FlickrFoundation.framework */; };
		ACB2CA4722262BB8009EBF05 /* FlickrFoundation.h in Headers */ = {isa = PBXBuildFile; fileRef = ACB2CA3922262BB7009EBF05 /* FlickrFoundation.h */; settings = {ATTRIBUTES = (Public, ); }; };
		ACB2CA532226389B009EBF05 /* Constants.swift in Sources */ = {isa = PBXBuildFile; fileRef = ACB2CA522226389B009EBF05 /* Constants.swift */; };
		ACB2CA5522263908009EBF05 /* KeywordSearchManager.swift in Sources */ = {isa = PBXBuildFile; fileRef = ACB2CA5422263908009EBF05 /* KeywordSearchManager.swift */; };
		D0A7D54F76D7499D0E5F9D3D /* Pods_FlickrFoundation.framework in Frameworks */ = {isa = PBXBuildFile; fileRef = B13B0396B32E991F0E406599 /* Pods_FlickrFoundation.framework */; };
/* End PBXBuildFile section */

/* Begin PBXContainerItemProxy section */
		ACB2CA4122262BB7009EBF05 /* PBXContainerItemProxy */ = {
			isa = PBXContainerItemProxy;
			containerPortal = ACB2CA2D22262BB7009EBF05 /* Project object */;
			proxyType = 1;
			remoteGlobalIDString = ACB2CA3522262BB7009EBF05;
			remoteInfo = FlickrFoundation;
		};
/* End PBXContainerItemProxy section */

/* Begin PBXFileReference section */
		13E2E6E2FA5A0B115DD64B80 /* Pods-FlickrFoundationTests.release.xcconfig */ = {isa = PBXFileReference; includeInIndex = 1; lastKnownFileType = text.xcconfig; name = "Pods-FlickrFoundationTests.release.xcconfig"; path = "Target Support Files/Pods-FlickrFoundationTests/Pods-FlickrFoundationTests.release.xcconfig"; sourceTree = "<group>"; };
		30C73FA2563F7AFDD9079E6D /* Pods_FlickrFoundationTests.framework */ = {isa = PBXFileReference; explicitFileType = wrapper.framework; includeInIndex = 0; path = Pods_FlickrFoundationTests.framework; sourceTree = BUILT_PRODUCTS_DIR; };
		6A30C5FDD47F206DE61326F8 /* Pods-FlickrFoundation.release.xcconfig */ = {isa = PBXFileReference; includeInIndex = 1; lastKnownFileType = text.xcconfig; name = "Pods-FlickrFoundation.release.xcconfig"; path = "Target Support Files/Pods-FlickrFoundation/Pods-FlickrFoundation.release.xcconfig"; sourceTree = "<group>"; };
		8CEA068C21988EAEF8BDFCF9 /* Pods-FlickrFoundationTests.debug.xcconfig */ = {isa = PBXFileReference; includeInIndex = 1; lastKnownFileType = text.xcconfig; name = "Pods-FlickrFoundationTests.debug.xcconfig"; path = "Target Support Files/Pods-FlickrFoundationTests/Pods-FlickrFoundationTests.debug.xcconfig"; sourceTree = "<group>"; };
		AC7677E722292957001D2093 /* APIPhotosSearch.swift */ = {isa = PBXFileReference; lastKnownFileType = sourcecode.swift; path = APIPhotosSearch.swift; sourceTree = "<group>"; };
		AC7677E922293122001D2093 /* APIPhotosSearchTests.swift */ = {isa = PBXFileReference; lastKnownFileType = sourcecode.swift; path = APIPhotosSearchTests.swift; sourceTree = "<group>"; };
		AC7677EB22293978001D2093 /* String+Extensions.swift */ = {isa = PBXFileReference; lastKnownFileType = sourcecode.swift; path = "String+Extensions.swift"; sourceTree = "<group>"; };
		AC7677EE22293D1F001D2093 /* FlickrPhoto.swift */ = {isa = PBXFileReference; lastKnownFileType = sourcecode.swift; path = FlickrPhoto.swift; sourceTree = "<group>"; };
		AC7677F5222942FA001D2093 /* ServiceResult.swift */ = {isa = PBXFileReference; lastKnownFileType = sourcecode.swift; path = ServiceResult.swift; sourceTree = "<group>"; };
		AC7677F722294396001D2093 /* ServiceError.swift */ = {isa = PBXFileReference; lastKnownFileType = sourcecode.swift; path = ServiceError.swift; sourceTree = "<group>"; };
		AC7677F922294565001D2093 /* PhotosSearchResponse.swift */ = {isa = PBXFileReference; lastKnownFileType = sourcecode.swift; path = PhotosSearchResponse.swift; sourceTree = "<group>"; };
		ACB2CA3622262BB7009EBF05 /* FlickrFoundation.framework */ = {isa = PBXFileReference; explicitFileType = wrapper.framework; includeInIndex = 0; path = FlickrFoundation.framework; sourceTree = BUILT_PRODUCTS_DIR; };
		ACB2CA3922262BB7009EBF05 /* FlickrFoundation.h */ = {isa = PBXFileReference; lastKnownFileType = sourcecode.c.h; path = FlickrFoundation.h; sourceTree = "<group>"; };
		ACB2CA3A22262BB7009EBF05 /* Info.plist */ = {isa = PBXFileReference; lastKnownFileType = text.plist.xml; path = Info.plist; sourceTree = "<group>"; };
		ACB2CA3F22262BB7009EBF05 /* FlickrFoundationTests.xctest */ = {isa = PBXFileReference; explicitFileType = wrapper.cfbundle; includeInIndex = 0; path = FlickrFoundationTests.xctest; sourceTree = BUILT_PRODUCTS_DIR; };
		ACB2CA4622262BB8009EBF05 /* Info.plist */ = {isa = PBXFileReference; lastKnownFileType = text.plist.xml; path = Info.plist; sourceTree = "<group>"; };
		ACB2CA5022262C71009EBF05 /* FlickrFoundation.podspec */ = {isa = PBXFileReference; fileEncoding = 4; lastKnownFileType = text; path = FlickrFoundation.podspec; sourceTree = "<group>"; };
		ACB2CA522226389B009EBF05 /* Constants.swift */ = {isa = PBXFileReference; lastKnownFileType = sourcecode.swift; path = Constants.swift; sourceTree = "<group>"; };
		ACB2CA5422263908009EBF05 /* KeywordSearchManager.swift */ = {isa = PBXFileReference; lastKnownFileType = sourcecode.swift; path = KeywordSearchManager.swift; sourceTree = "<group>"; };
		ACB2CA8522264171009EBF05 /* Podfile */ = {isa = PBXFileReference; lastKnownFileType = text; path = Podfile; sourceTree = "<group>"; };
		B13B0396B32E991F0E406599 /* Pods_FlickrFoundation.framework */ = {isa = PBXFileReference; explicitFileType = wrapper.framework; includeInIndex = 0; path = Pods_FlickrFoundation.framework; sourceTree = BUILT_PRODUCTS_DIR; };
		E7C7E0273A0DDAA9113BB0C3 /* Pods-FlickrFoundation.debug.xcconfig */ = {isa = PBXFileReference; includeInIndex = 1; lastKnownFileType = text.xcconfig; name = "Pods-FlickrFoundation.debug.xcconfig"; path = "Target Support Files/Pods-FlickrFoundation/Pods-FlickrFoundation.debug.xcconfig"; sourceTree = "<group>"; };
/* End PBXFileReference section */

/* Begin PBXFrameworksBuildPhase section */
		ACB2CA3322262BB7009EBF05 /* Frameworks */ = {
			isa = PBXFrameworksBuildPhase;
			buildActionMask = 2147483647;
			files = (
				D0A7D54F76D7499D0E5F9D3D /* Pods_FlickrFoundation.framework in Frameworks */,
			);
			runOnlyForDeploymentPostprocessing = 0;
		};
		ACB2CA3C22262BB7009EBF05 /* Frameworks */ = {
			isa = PBXFrameworksBuildPhase;
			buildActionMask = 2147483647;
			files = (
				ACB2CA4022262BB7009EBF05 /* FlickrFoundation.framework in Frameworks */,
				66EBAAA2B3036685B26688CD /* Pods_FlickrFoundationTests.framework in Frameworks */,
			);
			runOnlyForDeploymentPostprocessing = 0;
		};
/* End PBXFrameworksBuildPhase section */

/* Begin PBXGroup section */
		AC7677ED22293987001D2093 /* Extensions */ = {
			isa = PBXGroup;
			children = (
				AC7677EB22293978001D2093 /* String+Extensions.swift */,
			);
			name = Extensions;
			sourceTree = "<group>";
		};
		AC7677F222293D61001D2093 /* Models */ = {
			isa = PBXGroup;
			children = (
				AC7677EE22293D1F001D2093 /* FlickrPhoto.swift */,
			);
			name = Models;
			sourceTree = "<group>";
		};
		AC7677F322294273001D2093 /* API */ = {
			isa = PBXGroup;
			children = (
				AC7677F422294283001D2093 /* flickr.photos.search */,
				AC7677F722294396001D2093 /* ServiceError.swift */,
				AC7677F5222942FA001D2093 /* ServiceResult.swift */,
			);
			name = API;
			sourceTree = "<group>";
		};
		AC7677F422294283001D2093 /* flickr.photos.search */ = {
			isa = PBXGroup;
			children = (
				AC7677E722292957001D2093 /* APIPhotosSearch.swift */,
				AC7677F922294565001D2093 /* PhotosSearchResponse.swift */,
			);
			name = flickr.photos.search;
			sourceTree = "<group>";
		};
		ACB2CA2C22262BB7009EBF05 = {
			isa = PBXGroup;
			children = (
				ACB2CA8522264171009EBF05 /* Podfile */,
				ACB2CA5022262C71009EBF05 /* FlickrFoundation.podspec */,
				ACB2CA3822262BB7009EBF05 /* FlickrFoundation */,
				ACB2CA4322262BB7009EBF05 /* FlickrFoundationTests */,
				ACB2CA3722262BB7009EBF05 /* Products */,
				CEA512ED17398E03766A20DE /* Pods */,
				C37E8AF341305288895777A0 /* Frameworks */,
			);
			sourceTree = "<group>";
		};
		ACB2CA3722262BB7009EBF05 /* Products */ = {
			isa = PBXGroup;
			children = (
				ACB2CA3622262BB7009EBF05 /* FlickrFoundation.framework */,
				ACB2CA3F22262BB7009EBF05 /* FlickrFoundationTests.xctest */,
			);
			name = Products;
			sourceTree = "<group>";
		};
		ACB2CA3822262BB7009EBF05 /* FlickrFoundation */ = {
			isa = PBXGroup;
			children = (
				AC7677F322294273001D2093 /* API */,
				AC7677ED22293987001D2093 /* Extensions */,
				AC7677F222293D61001D2093 /* Models */,
				ACB2CA522226389B009EBF05 /* Constants.swift */,
				ACB2CA5422263908009EBF05 /* KeywordSearchManager.swift */,
				ACB2CA3922262BB7009EBF05 /* FlickrFoundation.h */,
				ACB2CA3A22262BB7009EBF05 /* Info.plist */,
			);
			path = FlickrFoundation;
			sourceTree = "<group>";
		};
		ACB2CA4322262BB7009EBF05 /* FlickrFoundationTests */ = {
			isa = PBXGroup;
			children = (
				AC7677E922293122001D2093 /* APIPhotosSearchTests.swift */,
				ACB2CA4622262BB8009EBF05 /* Info.plist */,
			);
			path = FlickrFoundationTests;
			sourceTree = "<group>";
		};
		C37E8AF341305288895777A0 /* Frameworks */ = {
			isa = PBXGroup;
			children = (
				B13B0396B32E991F0E406599 /* Pods_FlickrFoundation.framework */,
				30C73FA2563F7AFDD9079E6D /* Pods_FlickrFoundationTests.framework */,
			);
			name = Frameworks;
			sourceTree = "<group>";
		};
		CEA512ED17398E03766A20DE /* Pods */ = {
			isa = PBXGroup;
			children = (
				E7C7E0273A0DDAA9113BB0C3 /* Pods-FlickrFoundation.debug.xcconfig */,
				6A30C5FDD47F206DE61326F8 /* Pods-FlickrFoundation.release.xcconfig */,
				8CEA068C21988EAEF8BDFCF9 /* Pods-FlickrFoundationTests.debug.xcconfig */,
				13E2E6E2FA5A0B115DD64B80 /* Pods-FlickrFoundationTests.release.xcconfig */,
			);
			path = Pods;
			sourceTree = "<group>";
		};
/* End PBXGroup section */

/* Begin PBXHeadersBuildPhase section */
		ACB2CA3122262BB7009EBF05 /* Headers */ = {
			isa = PBXHeadersBuildPhase;
			buildActionMask = 2147483647;
			files = (
				ACB2CA4722262BB8009EBF05 /* FlickrFoundation.h in Headers */,
			);
			runOnlyForDeploymentPostprocessing = 0;
		};
/* End PBXHeadersBuildPhase section */

/* Begin PBXNativeTarget section */
		ACB2CA3522262BB7009EBF05 /* FlickrFoundation */ = {
			isa = PBXNativeTarget;
			buildConfigurationList = ACB2CA4A22262BB8009EBF05 /* Build configuration list for PBXNativeTarget "FlickrFoundation" */;
			buildPhases = (
				B8DBF58FCA052CD664825C01 /* [CP] Check Pods Manifest.lock */,
				AC8F51972226424C0096EE15 /* Run SwiftLint */,
				ACB2CA3122262BB7009EBF05 /* Headers */,
				ACB2CA3222262BB7009EBF05 /* Sources */,
				ACB2CA3322262BB7009EBF05 /* Frameworks */,
				ACB2CA3422262BB7009EBF05 /* Resources */,
			);
			buildRules = (
			);
			dependencies = (
			);
			name = FlickrFoundation;
			productName = FlickrFoundation;
			productReference = ACB2CA3622262BB7009EBF05 /* FlickrFoundation.framework */;
			productType = "com.apple.product-type.framework";
		};
		ACB2CA3E22262BB7009EBF05 /* FlickrFoundationTests */ = {
			isa = PBXNativeTarget;
			buildConfigurationList = ACB2CA4D22262BB8009EBF05 /* Build configuration list for PBXNativeTarget "FlickrFoundationTests" */;
			buildPhases = (
				7F0183BC88A65AD2ADD9027C /* [CP] Check Pods Manifest.lock */,
				ACB2CA3B22262BB7009EBF05 /* Sources */,
				ACB2CA3C22262BB7009EBF05 /* Frameworks */,
				ACB2CA3D22262BB7009EBF05 /* Resources */,
			);
			buildRules = (
			);
			dependencies = (
				ACB2CA4222262BB7009EBF05 /* PBXTargetDependency */,
			);
			name = FlickrFoundationTests;
			productName = FlickrFoundationTests;
			productReference = ACB2CA3F22262BB7009EBF05 /* FlickrFoundationTests.xctest */;
			productType = "com.apple.product-type.bundle.unit-test";
		};
/* End PBXNativeTarget section */

/* Begin PBXProject section */
		ACB2CA2D22262BB7009EBF05 /* Project object */ = {
			isa = PBXProject;
			attributes = {
				LastSwiftUpdateCheck = 1010;
				LastUpgradeCheck = 1010;
				ORGANIZATIONNAME = "Haoxin Li";
				TargetAttributes = {
					ACB2CA3522262BB7009EBF05 = {
						CreatedOnToolsVersion = 10.1;
						LastSwiftMigration = 1010;
					};
					ACB2CA3E22262BB7009EBF05 = {
						CreatedOnToolsVersion = 10.1;
					};
				};
			};
			buildConfigurationList = ACB2CA3022262BB7009EBF05 /* Build configuration list for PBXProject "FlickrFoundation" */;
			compatibilityVersion = "Xcode 9.3";
			developmentRegion = en;
			hasScannedForEncodings = 0;
			knownRegions = (
				en,
			);
			mainGroup = ACB2CA2C22262BB7009EBF05;
			productRefGroup = ACB2CA3722262BB7009EBF05 /* Products */;
			projectDirPath = "";
			projectRoot = "";
			targets = (
				ACB2CA3522262BB7009EBF05 /* FlickrFoundation */,
				ACB2CA3E22262BB7009EBF05 /* FlickrFoundationTests */,
			);
		};
/* End PBXProject section */

/* Begin PBXResourcesBuildPhase section */
		ACB2CA3422262BB7009EBF05 /* Resources */ = {
			isa = PBXResourcesBuildPhase;
			buildActionMask = 2147483647;
			files = (
			);
			runOnlyForDeploymentPostprocessing = 0;
		};
		ACB2CA3D22262BB7009EBF05 /* Resources */ = {
			isa = PBXResourcesBuildPhase;
			buildActionMask = 2147483647;
			files = (
			);
			runOnlyForDeploymentPostprocessing = 0;
		};
/* End PBXResourcesBuildPhase section */

/* Begin PBXShellScriptBuildPhase section */
		7F0183BC88A65AD2ADD9027C /* [CP] Check Pods Manifest.lock */ = {
			isa = PBXShellScriptBuildPhase;
			buildActionMask = 2147483647;
			files = (
			);
			inputFileListPaths = (
			);
			inputPaths = (
				"${PODS_PODFILE_DIR_PATH}/Podfile.lock",
				"${PODS_ROOT}/Manifest.lock",
			);
			name = "[CP] Check Pods Manifest.lock";
			outputFileListPaths = (
			);
			outputPaths = (
				"$(DERIVED_FILE_DIR)/Pods-FlickrFoundationTests-checkManifestLockResult.txt",
			);
			runOnlyForDeploymentPostprocessing = 0;
			shellPath = /bin/sh;
			shellScript = "diff \"${PODS_PODFILE_DIR_PATH}/Podfile.lock\" \"${PODS_ROOT}/Manifest.lock\" > /dev/null\nif [ $? != 0 ] ; then\n    # print error to STDERR\n    echo \"error: The sandbox is not in sync with the Podfile.lock. Run 'pod install' or update your CocoaPods installation.\" >&2\n    exit 1\nfi\n# This output is used by Xcode 'outputs' to avoid re-running this script phase.\necho \"SUCCESS\" > \"${SCRIPT_OUTPUT_FILE_0}\"\n";
			showEnvVarsInLog = 0;
		};
		AC8F51972226424C0096EE15 /* Run SwiftLint */ = {
			isa = PBXShellScriptBuildPhase;
			buildActionMask = 2147483647;
			files = (
			);
			inputFileListPaths = (
			);
			inputPaths = (
			);
			name = "Run SwiftLint";
			outputFileListPaths = (
			);
			outputPaths = (
			);
			runOnlyForDeploymentPostprocessing = 0;
			shellPath = /bin/sh;
			shellScript = "\"${PODS_ROOT}/SwiftLint/swiftlint\"\n";
		};
		B8DBF58FCA052CD664825C01 /* [CP] Check Pods Manifest.lock */ = {
			isa = PBXShellScriptBuildPhase;
			buildActionMask = 2147483647;
			files = (
			);
			inputFileListPaths = (
			);
			inputPaths = (
				"${PODS_PODFILE_DIR_PATH}/Podfile.lock",
				"${PODS_ROOT}/Manifest.lock",
			);
			name = "[CP] Check Pods Manifest.lock";
			outputFileListPaths = (
			);
			outputPaths = (
				"$(DERIVED_FILE_DIR)/Pods-FlickrFoundation-checkManifestLockResult.txt",
			);
			runOnlyForDeploymentPostprocessing = 0;
			shellPath = /bin/sh;
			shellScript = "diff \"${PODS_PODFILE_DIR_PATH}/Podfile.lock\" \"${PODS_ROOT}/Manifest.lock\" > /dev/null\nif [ $? != 0 ] ; then\n    # print error to STDERR\n    echo \"error: The sandbox is not in sync with the Podfile.lock. Run 'pod install' or update your CocoaPods installation.\" >&2\n    exit 1\nfi\n# This output is used by Xcode 'outputs' to avoid re-running this script phase.\necho \"SUCCESS\" > \"${SCRIPT_OUTPUT_FILE_0}\"\n";
			showEnvVarsInLog = 0;
		};
/* End PBXShellScriptBuildPhase section */

/* Begin PBXSourcesBuildPhase section */
		ACB2CA3222262BB7009EBF05 /* Sources */ = {
			isa = PBXSourcesBuildPhase;
			buildActionMask = 2147483647;
			files = (
				AC7677EC22293978001D2093 /* String+Extensions.swift in Sources */,
				ACB2CA532226389B009EBF05 /* Constants.swift in Sources */,
				AC7677F6222942FA001D2093 /* ServiceResult.swift in Sources */,
				ACB2CA5522263908009EBF05 /* KeywordSearchManager.swift in Sources */,
				AC7677E822292957001D2093 /* APIPhotosSearch.swift in Sources */,
				AC7677F822294396001D2093 /* ServiceError.swift in Sources */,
				AC7677EF22293D1F001D2093 /* FlickrPhoto.swift in Sources */,
				AC7677FA22294565001D2093 /* PhotosSearchResponse.swift in Sources */,
			);
			runOnlyForDeploymentPostprocessing = 0;
		};
		ACB2CA3B22262BB7009EBF05 /* Sources */ = {
			isa = PBXSourcesBuildPhase;
			buildActionMask = 2147483647;
			files = (
				AC7677EA22293122001D2093 /* APIPhotosSearchTests.swift in Sources */,
			);
			runOnlyForDeploymentPostprocessing = 0;
		};
/* End PBXSourcesBuildPhase section */

/* Begin PBXTargetDependency section */
		ACB2CA4222262BB7009EBF05 /* PBXTargetDependency */ = {
			isa = PBXTargetDependency;
			target = ACB2CA3522262BB7009EBF05 /* FlickrFoundation */;
			targetProxy = ACB2CA4122262BB7009EBF05 /* PBXContainerItemProxy */;
		};
/* End PBXTargetDependency section */

/* Begin XCBuildConfiguration section */
		ACB2CA4822262BB8009EBF05 /* Debug */ = {
			isa = XCBuildConfiguration;
			buildSettings = {
				ALWAYS_SEARCH_USER_PATHS = NO;
				CLANG_ANALYZER_NONNULL = YES;
				CLANG_ANALYZER_NUMBER_OBJECT_CONVERSION = YES_AGGRESSIVE;
				CLANG_CXX_LANGUAGE_STANDARD = "gnu++14";
				CLANG_CXX_LIBRARY = "libc++";
				CLANG_ENABLE_MODULES = YES;
				CLANG_ENABLE_OBJC_ARC = YES;
				CLANG_ENABLE_OBJC_WEAK = YES;
				CLANG_WARN_BLOCK_CAPTURE_AUTORELEASING = YES;
				CLANG_WARN_BOOL_CONVERSION = YES;
				CLANG_WARN_COMMA = YES;
				CLANG_WARN_CONSTANT_CONVERSION = YES;
				CLANG_WARN_DEPRECATED_OBJC_IMPLEMENTATIONS = YES;
				CLANG_WARN_DIRECT_OBJC_ISA_USAGE = YES_ERROR;
				CLANG_WARN_DOCUMENTATION_COMMENTS = YES;
				CLANG_WARN_EMPTY_BODY = YES;
				CLANG_WARN_ENUM_CONVERSION = YES;
				CLANG_WARN_INFINITE_RECURSION = YES;
				CLANG_WARN_INT_CONVERSION = YES;
				CLANG_WARN_NON_LITERAL_NULL_CONVERSION = YES;
				CLANG_WARN_OBJC_IMPLICIT_RETAIN_SELF = YES;
				CLANG_WARN_OBJC_LITERAL_CONVERSION = YES;
				CLANG_WARN_OBJC_ROOT_CLASS = YES_ERROR;
				CLANG_WARN_RANGE_LOOP_ANALYSIS = YES;
				CLANG_WARN_STRICT_PROTOTYPES = YES;
				CLANG_WARN_SUSPICIOUS_MOVE = YES;
				CLANG_WARN_UNGUARDED_AVAILABILITY = YES_AGGRESSIVE;
				CLANG_WARN_UNREACHABLE_CODE = YES;
				CLANG_WARN__DUPLICATE_METHOD_MATCH = YES;
				CODE_SIGN_IDENTITY = "iPhone Developer";
				COPY_PHASE_STRIP = NO;
				CURRENT_PROJECT_VERSION = 1;
				DEBUG_INFORMATION_FORMAT = dwarf;
				ENABLE_STRICT_OBJC_MSGSEND = YES;
				ENABLE_TESTABILITY = YES;
				GCC_C_LANGUAGE_STANDARD = gnu11;
				GCC_DYNAMIC_NO_PIC = NO;
				GCC_NO_COMMON_BLOCKS = YES;
				GCC_OPTIMIZATION_LEVEL = 0;
				GCC_PREPROCESSOR_DEFINITIONS = (
					"DEBUG=1",
					"$(inherited)",
				);
				GCC_WARN_64_TO_32_BIT_CONVERSION = YES;
				GCC_WARN_ABOUT_RETURN_TYPE = YES_ERROR;
				GCC_WARN_UNDECLARED_SELECTOR = YES;
				GCC_WARN_UNINITIALIZED_AUTOS = YES_AGGRESSIVE;
				GCC_WARN_UNUSED_FUNCTION = YES;
				GCC_WARN_UNUSED_VARIABLE = YES;
				IPHONEOS_DEPLOYMENT_TARGET = 12.1;
				MTL_ENABLE_DEBUG_INFO = INCLUDE_SOURCE;
				MTL_FAST_MATH = YES;
				ONLY_ACTIVE_ARCH = YES;
				SDKROOT = iphoneos;
				SWIFT_ACTIVE_COMPILATION_CONDITIONS = DEBUG;
				SWIFT_OPTIMIZATION_LEVEL = "-Onone";
				VERSIONING_SYSTEM = "apple-generic";
				VERSION_INFO_PREFIX = "";
			};
			name = Debug;
		};
		ACB2CA4922262BB8009EBF05 /* Release */ = {
			isa = XCBuildConfiguration;
			buildSettings = {
				ALWAYS_SEARCH_USER_PATHS = NO;
				CLANG_ANALYZER_NONNULL = YES;
				CLANG_ANALYZER_NUMBER_OBJECT_CONVERSION = YES_AGGRESSIVE;
				CLANG_CXX_LANGUAGE_STANDARD = "gnu++14";
				CLANG_CXX_LIBRARY = "libc++";
				CLANG_ENABLE_MODULES = YES;
				CLANG_ENABLE_OBJC_ARC = YES;
				CLANG_ENABLE_OBJC_WEAK = YES;
				CLANG_WARN_BLOCK_CAPTURE_AUTORELEASING = YES;
				CLANG_WARN_BOOL_CONVERSION = YES;
				CLANG_WARN_COMMA = YES;
				CLANG_WARN_CONSTANT_CONVERSION = YES;
				CLANG_WARN_DEPRECATED_OBJC_IMPLEMENTATIONS = YES;
				CLANG_WARN_DIRECT_OBJC_ISA_USAGE = YES_ERROR;
				CLANG_WARN_DOCUMENTATION_COMMENTS = YES;
				CLANG_WARN_EMPTY_BODY = YES;
				CLANG_WARN_ENUM_CONVERSION = YES;
				CLANG_WARN_INFINITE_RECURSION = YES;
				CLANG_WARN_INT_CONVERSION = YES;
				CLANG_WARN_NON_LITERAL_NULL_CONVERSION = YES;
				CLANG_WARN_OBJC_IMPLICIT_RETAIN_SELF = YES;
				CLANG_WARN_OBJC_LITERAL_CONVERSION = YES;
				CLANG_WARN_OBJC_ROOT_CLASS = YES_ERROR;
				CLANG_WARN_RANGE_LOOP_ANALYSIS = YES;
				CLANG_WARN_STRICT_PROTOTYPES = YES;
				CLANG_WARN_SUSPICIOUS_MOVE = YES;
				CLANG_WARN_UNGUARDED_AVAILABILITY = YES_AGGRESSIVE;
				CLANG_WARN_UNREACHABLE_CODE = YES;
				CLANG_WARN__DUPLICATE_METHOD_MATCH = YES;
				CODE_SIGN_IDENTITY = "iPhone Developer";
				COPY_PHASE_STRIP = NO;
				CURRENT_PROJECT_VERSION = 1;
				DEBUG_INFORMATION_FORMAT = "dwarf-with-dsym";
				ENABLE_NS_ASSERTIONS = NO;
				ENABLE_STRICT_OBJC_MSGSEND = YES;
				GCC_C_LANGUAGE_STANDARD = gnu11;
				GCC_NO_COMMON_BLOCKS = YES;
				GCC_WARN_64_TO_32_BIT_CONVERSION = YES;
				GCC_WARN_ABOUT_RETURN_TYPE = YES_ERROR;
				GCC_WARN_UNDECLARED_SELECTOR = YES;
				GCC_WARN_UNINITIALIZED_AUTOS = YES_AGGRESSIVE;
				GCC_WARN_UNUSED_FUNCTION = YES;
				GCC_WARN_UNUSED_VARIABLE = YES;
				IPHONEOS_DEPLOYMENT_TARGET = 12.1;
				MTL_ENABLE_DEBUG_INFO = NO;
				MTL_FAST_MATH = YES;
				SDKROOT = iphoneos;
				SWIFT_COMPILATION_MODE = wholemodule;
				SWIFT_OPTIMIZATION_LEVEL = "-O";
				VALIDATE_PRODUCT = YES;
				VERSIONING_SYSTEM = "apple-generic";
				VERSION_INFO_PREFIX = "";
			};
			name = Release;
		};
		ACB2CA4B22262BB8009EBF05 /* Debug */ = {
			isa = XCBuildConfiguration;
			baseConfigurationReference = E7C7E0273A0DDAA9113BB0C3 /* Pods-FlickrFoundation.debug.xcconfig */;
			buildSettings = {
				CLANG_ENABLE_MODULES = YES;
				CODE_SIGN_IDENTITY = "";
				CODE_SIGN_STYLE = Automatic;
				DEFINES_MODULE = YES;
				DEVELOPMENT_TEAM = 5RFZ63C7NL;
				DYLIB_COMPATIBILITY_VERSION = 1;
				DYLIB_CURRENT_VERSION = 1;
				DYLIB_INSTALL_NAME_BASE = "@rpath";
				INFOPLIST_FILE = FlickrFoundation/Info.plist;
				INSTALL_PATH = "$(LOCAL_LIBRARY_DIR)/Frameworks";
				LD_RUNPATH_SEARCH_PATHS = (
					"$(inherited)",
					"@executable_path/Frameworks",
					"@loader_path/Frameworks",
				);
				PRODUCT_BUNDLE_IDENTIFIER = com.haoxinli.FlickrFoundation;
				PRODUCT_NAME = "$(TARGET_NAME:c99extidentifier)";
				SKIP_INSTALL = YES;
				SWIFT_OPTIMIZATION_LEVEL = "-Onone";
				SWIFT_VERSION = 4.2;
				TARGETED_DEVICE_FAMILY = "1,2";
			};
			name = Debug;
		};
		ACB2CA4C22262BB8009EBF05 /* Release */ = {
			isa = XCBuildConfiguration;
			baseConfigurationReference = 6A30C5FDD47F206DE61326F8 /* Pods-FlickrFoundation.release.xcconfig */;
			buildSettings = {
				CLANG_ENABLE_MODULES = YES;
				CODE_SIGN_IDENTITY = "";
				CODE_SIGN_STYLE = Automatic;
				DEFINES_MODULE = YES;
				DEVELOPMENT_TEAM = 5RFZ63C7NL;
				DYLIB_COMPATIBILITY_VERSION = 1;
				DYLIB_CURRENT_VERSION = 1;
				DYLIB_INSTALL_NAME_BASE = "@rpath";
				INFOPLIST_FILE = FlickrFoundation/Info.plist;
				INSTALL_PATH = "$(LOCAL_LIBRARY_DIR)/Frameworks";
				LD_RUNPATH_SEARCH_PATHS = (
					"$(inherited)",
					"@executable_path/Frameworks",
					"@loader_path/Frameworks",
				);
				PRODUCT_BUNDLE_IDENTIFIER = com.haoxinli.FlickrFoundation;
				PRODUCT_NAME = "$(TARGET_NAME:c99extidentifier)";
				SKIP_INSTALL = YES;
				SWIFT_VERSION = 4.2;
				TARGETED_DEVICE_FAMILY = "1,2";
			};
			name = Release;
		};
		ACB2CA4E22262BB8009EBF05 /* Debug */ = {
			isa = XCBuildConfiguration;
			baseConfigurationReference = 8CEA068C21988EAEF8BDFCF9 /* Pods-FlickrFoundationTests.debug.xcconfig */;
			buildSettings = {
				ALWAYS_EMBED_SWIFT_STANDARD_LIBRARIES = YES;
				CODE_SIGN_STYLE = Automatic;
				DEVELOPMENT_TEAM = 5RFZ63C7NL;
				INFOPLIST_FILE = FlickrFoundationTests/Info.plist;
				LD_RUNPATH_SEARCH_PATHS = (
					"$(inherited)",
					"@executable_path/Frameworks",
					"@loader_path/Frameworks",
				);
				PRODUCT_BUNDLE_IDENTIFIER = com.haoxinli.FlickrFoundationTests;
				PRODUCT_NAME = "$(TARGET_NAME)";
				SWIFT_VERSION = 4.2;
				TARGETED_DEVICE_FAMILY = "1,2";
			};
			name = Debug;
		};
		ACB2CA4F22262BB8009EBF05 /* Release */ = {
			isa = XCBuildConfiguration;
			baseConfigurationReference = 13E2E6E2FA5A0B115DD64B80 /* Pods-FlickrFoundationTests.release.xcconfig */;
			buildSettings = {
				ALWAYS_EMBED_SWIFT_STANDARD_LIBRARIES = YES;
				CODE_SIGN_STYLE = Automatic;
				DEVELOPMENT_TEAM = 5RFZ63C7NL;
				INFOPLIST_FILE = FlickrFoundationTests/Info.plist;
				LD_RUNPATH_SEARCH_PATHS = (
					"$(inherited)",
					"@executable_path/Frameworks",
					"@loader_path/Frameworks",
				);
				PRODUCT_BUNDLE_IDENTIFIER = com.haoxinli.FlickrFoundationTests;
				PRODUCT_NAME = "$(TARGET_NAME)";
				SWIFT_VERSION = 4.2;
				TARGETED_DEVICE_FAMILY = "1,2";
			};
			name = Release;
		};
/* End XCBuildConfiguration section */

/* Begin XCConfigurationList section */
		ACB2CA3022262BB7009EBF05 /* Build configuration list for PBXProject "FlickrFoundation" */ = {
			isa = XCConfigurationList;
			buildConfigurations = (
				ACB2CA4822262BB8009EBF05 /* Debug */,
				ACB2CA4922262BB8009EBF05 /* Release */,
			);
			defaultConfigurationIsVisible = 0;
			defaultConfigurationName = Release;
		};
		ACB2CA4A22262BB8009EBF05 /* Build configuration list for PBXNativeTarget "FlickrFoundation" */ = {
			isa = XCConfigurationList;
			buildConfigurations = (
				ACB2CA4B22262BB8009EBF05 /* Debug */,
				ACB2CA4C22262BB8009EBF05 /* Release */,
			);
			defaultConfigurationIsVisible = 0;
			defaultConfigurationName = Release;
		};
		ACB2CA4D22262BB8009EBF05 /* Build configuration list for PBXNativeTarget "FlickrFoundationTests" */ = {
			isa = XCConfigurationList;
			buildConfigurations = (
				ACB2CA4E22262BB8009EBF05 /* Debug */,
				ACB2CA4F22262BB8009EBF05 /* Release */,
			);
			defaultConfigurationIsVisible = 0;
			defaultConfigurationName = Release;
		};
/* End XCConfigurationList section */
	};
	rootObject = ACB2CA2D22262BB7009EBF05 /* Project object */;
}
